
Microsoft Visual Studio Solution File, Format Version 12.00
# Visual Studio Version 17
VisualStudioVersion = 17.10.35122.118
MinimumVisualStudioVersion = 10.0.40219.1
Project("{9A19103F-16F7-4668-BE54-9A1E7A4F7556}") = "Portal.Fornecedor.Api", "Portal.Fornecedor.Api\Portal.Fornecedor.Api.csproj", "{B7AC00AB-BC7B-422D-991A-5924C06E0D94}"
EndProject
Global
	GlobalSection(SolutionConfigurationPlatforms) = preSolution
		Debug|Any CPU = Debug|Any CPU
		Release|Any CPU = Release|Any CPU
	EndGlobalSection
	GlobalSection(ProjectConfigurationPlatforms) = postSolution
		{B7AC00AB-BC7B-422D-991A-5924C06E0D94}.Debug|Any CPU.ActiveCfg = Debug|Any CPU
		{B7AC00AB-BC7B-422D-991A-5924C06E0D94}.Debug|Any CPU.Build.0 = Debug|Any CPU
		{B7AC00AB-BC7B-422D-991A-5924C06E0D94}.Release|Any CPU.ActiveCfg = Release|Any CPU
		{B7AC00AB-BC7B-422D-991A-5924C06E0D94}.Release|Any CPU.Build.0 = Release|Any CPU
	EndGlobalSection
	GlobalSection(SolutionProperties) = preSolution
		HideSolutionNode = FALSE
	EndGlobalSection
	GlobalSection(ExtensibilityGlobals) = postSolution
		SolutionGuid = {6FF16D20-CA27-4BAD-A570-09D112C74D35}
	EndGlobalSection
EndGlobal
